
Microsoft Visual Studio Solution File, Format Version 12.00
# Visual Studio Version 16
VisualStudioVersion = 16.0.30503.244
MinimumVisualStudioVersion = 10.0.40219.1
Project("{FAE04EC0-301F-11D3-BF4B-00C04F79EFBC}") = "gRPCServer", "gRPCServer\gRPCServer.csproj", "{9F752D5E-C38A-434D-9AF6-BCD9FC96514E}"
EndProject
Project("{FAE04EC0-301F-11D3-BF4B-00C04F79EFBC}") = "gRPCConsoleClient", "gRPCConsoleClient\gRPCConsoleClient.csproj", "{1DD87FBD-B5FA-46E1-810B-07EE1289A6EA}"
EndProject
Global
	GlobalSection(SolutionConfigurationPlatforms) = preSolution
		Debug|Any CPU = Debug|Any CPU
		Release|Any CPU = Release|Any CPU
	EndGlobalSection
	GlobalSection(ProjectConfigurationPlatforms) = postSolution
		{9F752D5E-C38A-434D-9AF6-BCD9FC96514E}.Debug|Any CPU.ActiveCfg = Debug|Any CPU
		{9F752D5E-C38A-434D-9AF6-BCD9FC96514E}.Debug|Any CPU.Build.0 = Debug|Any CPU
		{9F752D5E-C38A-434D-9AF6-BCD9FC96514E}.Release|Any CPU.ActiveCfg = Release|Any CPU
		{9F752D5E-C38A-434D-9AF6-BCD9FC96514E}.Release|Any CPU.Build.0 = Release|Any CPU
		{1DD87FBD-B5FA-46E1-810B-07EE1289A6EA}.Debug|Any CPU.ActiveCfg = Debug|Any CPU
		{1DD87FBD-B5FA-46E1-810B-07EE1289A6EA}.Debug|Any CPU.Build.0 = Debug|Any CPU
		{1DD87FBD-B5FA-46E1-810B-07EE1289A6EA}.Release|Any CPU.ActiveCfg = Release|Any CPU
		{1DD87FBD-B5FA-46E1-810B-07EE1289A6EA}.Release|Any CPU.Build.0 = Release|Any CPU
	EndGlobalSection
	GlobalSection(SolutionProperties) = preSolution
		HideSolutionNode = FALSE
	EndGlobalSection
	GlobalSection(ExtensibilityGlobals) = postSolution
		SolutionGuid = {515D77D7-C11F-4188-998A-DDF98DD21B66}
	EndGlobalSection
EndGlobal
